
Microsoft Visual Studio Solution File, Format Version 12.00
# Visual Studio Version 16
VisualStudioVersion = 16.0.30717.126
MinimumVisualStudioVersion = 10.0.40219.1
Project("{9A19103F-16F7-4668-BE54-9A1E7A4F7556}") = "Arcus.API.Bacon", "Arcus.API.Bacon\Arcus.API.Bacon.csproj", "{A581189C-4A71-46A1-AEA2-E59B4DD02A24}"
EndProject
Project("{E53339B2-1760-4266-BCC7-CA923CBCF16C}") = "Arcus.Docker", "Arcus.Docker.dcproj", "{A153F027-1A27-4F5F-BE21-C39BB1739E60}"
EndProject
Project("{9A19103F-16F7-4668-BE54-9A1E7A4F7556}") = "Arcus.Shared", "Arcus.Shared\Arcus.Shared.csproj", "{A0BCC80D-C60C-42FD-B251-C42E8D9043B9}"
EndProject
Project("{9A19103F-16F7-4668-BE54-9A1E7A4F7556}") = "Arcus.API.Salads", "Arcus.API.Salads\Arcus.API.Salads.csproj", "{F673E43E-20A8-4DC6-9118-3670B263B67F}"
EndProject
Project("{9A19103F-16F7-4668-BE54-9A1E7A4F7556}") = "Arcus.API.Market", "Arcus.API.Market\Arcus.API.Market.csproj", "{F1354467-6786-42F7-B048-8ED282B76FFF}"
EndProject
Global
	GlobalSection(SolutionConfigurationPlatforms) = preSolution
		Debug|Any CPU = Debug|Any CPU
		Release|Any CPU = Release|Any CPU
	EndGlobalSection
	GlobalSection(ProjectConfigurationPlatforms) = postSolution
		{A581189C-4A71-46A1-AEA2-E59B4DD02A24}.Debug|Any CPU.ActiveCfg = Debug|Any CPU
		{A581189C-4A71-46A1-AEA2-E59B4DD02A24}.Debug|Any CPU.Build.0 = Debug|Any CPU
		{A581189C-4A71-46A1-AEA2-E59B4DD02A24}.Release|Any CPU.ActiveCfg = Release|Any CPU
		{A581189C-4A71-46A1-AEA2-E59B4DD02A24}.Release|Any CPU.Build.0 = Release|Any CPU
		{A153F027-1A27-4F5F-BE21-C39BB1739E60}.Debug|Any CPU.ActiveCfg = Debug|Any CPU
		{A153F027-1A27-4F5F-BE21-C39BB1739E60}.Debug|Any CPU.Build.0 = Debug|Any CPU
		{A153F027-1A27-4F5F-BE21-C39BB1739E60}.Release|Any CPU.ActiveCfg = Release|Any CPU
		{A153F027-1A27-4F5F-BE21-C39BB1739E60}.Release|Any CPU.Build.0 = Release|Any CPU
		{A0BCC80D-C60C-42FD-B251-C42E8D9043B9}.Debug|Any CPU.ActiveCfg = Debug|Any CPU
		{A0BCC80D-C60C-42FD-B251-C42E8D9043B9}.Debug|Any CPU.Build.0 = Debug|Any CPU
		{A0BCC80D-C60C-42FD-B251-C42E8D9043B9}.Release|Any CPU.ActiveCfg = Release|Any CPU
		{A0BCC80D-C60C-42FD-B251-C42E8D9043B9}.Release|Any CPU.Build.0 = Release|Any CPU
		{F673E43E-20A8-4DC6-9118-3670B263B67F}.Debug|Any CPU.ActiveCfg = Debug|Any CPU
		{F673E43E-20A8-4DC6-9118-3670B263B67F}.Debug|Any CPU.Build.0 = Debug|Any CPU
		{F673E43E-20A8-4DC6-9118-3670B263B67F}.Release|Any CPU.ActiveCfg = Release|Any CPU
		{F673E43E-20A8-4DC6-9118-3670B263B67F}.Release|Any CPU.Build.0 = Release|Any CPU
		{F1354467-6786-42F7-B048-8ED282B76FFF}.Debug|Any CPU.ActiveCfg = Debug|Any CPU
		{F1354467-6786-42F7-B048-8ED282B76FFF}.Debug|Any CPU.Build.0 = Debug|Any CPU
		{F1354467-6786-42F7-B048-8ED282B76FFF}.Release|Any CPU.ActiveCfg = Release|Any CPU
		{F1354467-6786-42F7-B048-8ED282B76FFF}.Release|Any CPU.Build.0 = Release|Any CPU
	EndGlobalSection
	GlobalSection(SolutionProperties) = preSolution
		HideSolutionNode = FALSE
	EndGlobalSection
	GlobalSection(ExtensibilityGlobals) = postSolution
		SolutionGuid = {F3A404DC-AF91-4499-B313-A2EE43A6175B}
	EndGlobalSection
EndGlobal
